
Microsoft Visual Studio Solution File, Format Version 12.00
# Visual Studio Version 16
VisualStudioVersion = 16.0.33214.272
MinimumVisualStudioVersion = 10.0.40219.1
Project("{FAE04EC0-301F-11D3-BF4B-00C04F79EFBC}") = "Lb_2", "Lb_2\Lb_2.csproj", "{4DBBE682-B3EB-4734-9C15-1C3A561BD246}"
EndProject
Global
	GlobalSection(SolutionConfigurationPlatforms) = preSolution
		Debug|Any CPU = Debug|Any CPU
		Release|Any CPU = Release|Any CPU
	EndGlobalSection
	GlobalSection(ProjectConfigurationPlatforms) = postSolution
		{4DBBE682-B3EB-4734-9C15-1C3A561BD246}.Debug|Any CPU.ActiveCfg = Debug|Any CPU
		{4DBBE682-B3EB-4734-9C15-1C3A561BD246}.Debug|Any CPU.Build.0 = Debug|Any CPU
		{4DBBE682-B3EB-4734-9C15-1C3A561BD246}.Release|Any CPU.ActiveCfg = Release|Any CPU
		{4DBBE682-B3EB-4734-9C15-1C3A561BD246}.Release|Any CPU.Build.0 = Release|Any CPU
	EndGlobalSection
	GlobalSection(SolutionProperties) = preSolution
		HideSolutionNode = FALSE
	EndGlobalSection
	GlobalSection(ExtensibilityGlobals) = postSolution
		SolutionGuid = {7C452F93-7353-4775-BE5A-9DE67D980A5F}
	EndGlobalSection
EndGlobal
